# This file is autogenerated, do not edit; changes may be undone by the next 'dep ensure'.


[[projects]]
  name = "github.com/Microsoft/go-winio"
  packages = ["."]
  revision = "7da180ee92d8bd8bb8c37fc560e673e6557c392f"
  version = "v0.4.7"

[[projects]]
  branch = "master"
  name = "github.com/beorn7/perks"
  packages = ["quantile"]
  revision = "3a771d992973f24aa725d07868b467d1ddfceafb"

[[projects]]
  branch = "master"
  name = "github.com/containers/image"
  packages = [
    "copy",
    "directory/explicitfilepath",
    "docker",
    "docker/policyconfiguration",
    "docker/reference",
    "image",
    "manifest",
    "oci/internal",
    "oci/layout",
    "pkg/compression",
    "pkg/docker/config",
    "pkg/strslice",
    "pkg/tlsclientconfig",
    "signature",
    "transports",
    "types",
    "version"
  ]
  revision = "490d44adfcfb69a96f146af41ec9c631cdfd346b"

[[projects]]
  branch = "master"
  name = "github.com/containers/storage"
  packages = [
    "pkg/fileutils",
    "pkg/homedir",
    "pkg/idtools",
    "pkg/mount",
    "pkg/system"
  ]
  revision = "5d52f079f1709f0408a6c086c603d259b0e5da3e"

[[projects]]
  branch = "master"
  name = "github.com/docker/distribution"
  packages = [
    ".",
    "digestset",
    "metrics",
    "reference",
    "registry/api/errcode",
    "registry/api/v2",
    "registry/client",
    "registry/client/auth/challenge",
    "registry/client/transport",
    "registry/storage/cache",
    "registry/storage/cache/memory"
  ]
  revision = "83389a148052d74ac602f5f1d62f86ff2f3c4aa5"

[[projects]]
  name = "github.com/docker/docker"
  packages = [
    "api/types/versions",
    "pkg/homedir"
  ]
  revision = "092cba3727bb9b4a2f0e922cd6c0f93ea270e363"
  version = "v1.13.1"

[[projects]]
  name = "github.com/docker/docker-credential-helpers"
  packages = [
    "client",
    "credentials"
  ]
  revision = "d68f9aeca33f5fd3f08eeae5e9d175edf4e731d1"
  version = "v0.6.0"

[[projects]]
  name = "github.com/docker/go-connections"
  packages = [
    "sockets",
    "tlsconfig"
  ]
  revision = "3ede32e2033de7505e6500d6c868c2b9ed9f169d"
  version = "v0.3.0"

[[projects]]
  branch = "master"
  name = "github.com/docker/go-metrics"
  packages = ["."]
  revision = "399ea8c73916000c64c2c76e8da00ca82f8387ab"

[[projects]]
  name = "github.com/docker/go-units"
  packages = ["."]
  revision = "47565b4f722fb6ceae66b95f853feed578a4a51c"
  version = "v0.3.3"

[[projects]]
  branch = "master"
  name = "github.com/docker/libtrust"
  packages = ["."]
  revision = "aabc10ec26b754e797f9028f4589c5b7bd90dc20"

[[projects]]
  name = "github.com/ghodss/yaml"
  packages = ["."]
  revision = "0ca9ea5df5451ffdf184b4428c902747c2c11cd7"
  version = "v1.0.0"

[[projects]]
  branch = "master"
  name = "github.com/golang/glog"
  packages = ["."]
  revision = "23def4e6c14b4da8ac2ed8007337bc5eb5007998"

[[projects]]
  name = "github.com/golang/protobuf"
  packages = ["proto"]
  revision = "925541529c1fa6821df4e44ce2723319eb2be768"
  version = "v1.0.0"

[[projects]]
  name = "github.com/google/uuid"
  packages = ["."]
  revision = "064e2069ce9c359c118179501254f67d7d37ba24"
  version = "0.2"

[[projects]]
  name = "github.com/gorilla/context"
  packages = ["."]
  revision = "1ea25387ff6f684839d82767c1733ff4d4d15d0a"
  version = "v1.1"

[[projects]]
  name = "github.com/gorilla/mux"
  packages = ["."]
  revision = "53c1911da2b537f792e7cafcb446b05ffe33b996"
  version = "v1.6.1"

[[projects]]
  name = "github.com/gorilla/websocket"
  packages = ["."]
  revision = "ea4d1f681babbce9545c9c5f3d5194a789c89f5b"
  version = "v1.2.0"

[[projects]]
  name = "github.com/inconshreveable/mousetrap"
  packages = ["."]
  revision = "76626ae9c91c4f2a10f34cad8ce83ea42c93bb75"
  version = "v1.0"

[[projects]]
  name = "github.com/mattn/go-runewidth"
  packages = ["."]
  revision = "9e777a8366cce605130a531d2cd6363d07ad7317"
  version = "v0.0.2"

[[projects]]
  name = "github.com/matttproud/golang_protobuf_extensions"
  packages = ["pbutil"]
  revision = "3247c84500bff8d9fb6d579d800f20b3e091582c"
  version = "v1.0.0"

[[projects]]
  branch = "master"
  name = "github.com/mtrmac/gpgme"
  packages = ["."]
  revision = "b2432428689ca58c2b8e8dea9449d3295cf96fc9"

[[projects]]
  name = "github.com/opencontainers/go-digest"
  packages = ["."]
  revision = "279bed98673dd5bef374d3b6e4b09e2af76183bf"
  version = "v1.0.0-rc1"

[[projects]]
  branch = "master"
  name = "github.com/opencontainers/image-spec"
  packages = [
    "schema",
    "specs-go",
    "specs-go/v1"
  ]
  revision = "8e82844449a093ef49d824afad963a5e0a76b63b"

[[projects]]
  branch = "master"
  name = "github.com/opencontainers/image-tools"
  packages = ["image"]
  revision = "c95f76cbae7433449f3a09f329ef816a1a0d16b3"

[[projects]]
  name = "github.com/opencontainers/runc"
  packages = ["libcontainer/user"]
  revision = "baf6536d6259209c3edfa2b22237af82942d3dfa"
  version = "v0.1.1"

[[projects]]
  name = "github.com/opencontainers/runtime-spec"
  packages = ["specs-go"]
  revision = "4e3b9264a330d094b0386c3703c5f379119711e8"
  version = "v1.0.1"

[[projects]]
  name = "github.com/pkg/errors"
  packages = ["."]
  revision = "645ef00459ed84a119197bfb8d8205042c6df63d"
  version = "v0.8.0"

[[projects]]
  branch = "master"
  name = "github.com/prometheus/client_golang"
  packages = [
    "prometheus",
    "prometheus/promhttp"
  ]
  revision = "e11c6ff8170beca9d5fd8b938e71165eeec53ac6"

[[projects]]
  branch = "master"
  name = "github.com/prometheus/client_model"
  packages = ["go"]
  revision = "99fa1f4be8e564e8a6b613da7fa6f46c9edafc6c"

[[projects]]
  branch = "master"
  name = "github.com/prometheus/common"
  packages = [
    "expfmt",
    "internal/bitbucket.org/ww/goautoneg",
    "model"
  ]
  revision = "38c53a9f4bfcd932d1b00bfc65e256a7fba6b37a"

[[projects]]
  branch = "master"
  name = "github.com/prometheus/procfs"
  packages = [
    ".",
    "internal/util",
    "nfs",
    "xfs"
  ]
  revision = "8b1c2da0d56deffdbb9e48d4414b4e674bd8083e"

[[projects]]
  name = "github.com/sirupsen/logrus"
  packages = ["."]
  revision = "c155da19408a8799da419ed3eeb0cb5db0ad5dbc"
  version = "v1.0.5"

[[projects]]
  branch = "master"
  name = "github.com/spf13/cobra"
  packages = ["."]
  revision = "cd30c2a7e91a1d63fd9a0027accf18a681e9d50b"

[[projects]]
  name = "github.com/spf13/pflag"
  packages = ["."]
  revision = "e57e3eeb33f795204c1ca35f56c44f83227c6e66"
  version = "v1.0.0"

[[projects]]
  branch = "master"
  name = "github.com/syndtr/gocapability"
  packages = ["capability"]
  revision = "33e07d32887e1e06b7c025f27ce52f62c7990bc0"

[[projects]]
  branch = "master"
  name = "github.com/xeipuuv/gojsonpointer"
  packages = ["."]
  revision = "4e3ac2762d5f479393488629ee9370b50873b3a6"

[[projects]]
  branch = "master"
  name = "github.com/xeipuuv/gojsonreference"
  packages = ["."]
  revision = "bd5ef7bd5415a7ac448318e64f11a24cd21e594b"

[[projects]]
  branch = "master"
  name = "github.com/xeipuuv/gojsonschema"
  packages = ["."]
  revision = "2c8e4be869c17540b336bab0ea18b8d73e6a28b7"

[[projects]]
  branch = "master"
  name = "go4.org"
  packages = ["errorutil"]
  revision = "12aee241e64e68a7ceffb342f85290bc3d69d083"

[[projects]]
  branch = "master"
  name = "golang.org/x/crypto"
  packages = [
    "cast5",
    "openpgp",
    "openpgp/armor",
    "openpgp/clearsign",
    "openpgp/elgamal",
    "openpgp/errors",
    "openpgp/packet",
    "openpgp/s2k",
    "ssh/terminal"
  ]
  revision = "f70185d77e8278766928032ee1355e3da47e7181"

[[projects]]
  branch = "master"
  name = "golang.org/x/net"
  packages = [
    "internal/socks",
    "proxy"
  ]
  revision = "61147c48b25b599e5b561d2e9c4f3e1ef489ca41"

[[projects]]
  branch = "master"
  name = "golang.org/x/sys"
  packages = [
    "unix",
    "windows"
  ]
  revision = "3b87a42e500a6dc65dae1a55d0b641295971163e"

[[projects]]
  name = "gopkg.in/cheggaaa/pb.v1"
  packages = ["."]
  revision = "72b964305fba1230d3d818711138195f22b9ceea"
  version = "v1.0.22"

[[projects]]
  name = "gopkg.in/yaml.v2"
  packages = ["."]
  revision = "5420a8b6744d3b0345ab293f6fcba19c978f1183"
  version = "v2.2.1"

[solve-meta]
  analyzer-name = "dep"
  analyzer-version = 1
  inputs-digest = "73d99a2cf326eb9294396f7d9018fdb71c29b3caa8b978a0b86daa26d829a2de"
  solver-name = "gps-cdcl"
  solver-version = 1
