# This file is autogenerated, do not edit; changes may be undone by the next 'dep ensure'.


[[projects]]
  name = "github.com/opencontainers/runtime-spec"
  packages = ["specs-go"]
  revision = "4e3b9264a330d094b0386c3703c5f379119711e8"
  version = "v1.0.1"

[[projects]]
  branch = "master"
  name = "github.com/syndtr/gocapability"
  packages = ["capability"]
  revision = "db04d3cc01c8b54962a58ec7e491717d06cfcc16"

[solve-meta]
  analyzer-name = "dep"
  analyzer-version = 1
  inputs-digest = "b45119b63746bbefbe6f9f9880dc36c730675a7046abbeaf307b6ae218f6df80"
  solver-name = "gps-cdcl"
  solver-version = 1
